
Microsoft Visual Studio Solution File, Format Version 12.00
# Visual Studio 2013
VisualStudioVersion = 12.0.31101.0
MinimumVisualStudioVersion = 10.0.40219.1
Project("{FAE04EC0-301F-11D3-BF4B-00C04F79EFBC}") = "DbUp.Support.SqlServer.Scripting", "DbUp.Support.SqlServer.Scripting\DbUp.Support.SqlServer.Scripting.csproj", "{A1EC7074-3C1D-4424-BC80-8BF770758774}"
EndProject
Project("{FAE04EC0-301F-11D3-BF4B-00C04F79EFBC}") = "DbUp.Support.SqlServer.Scripting.Console", "DbUp.Support.SqlServer.Scripting.Console\DbUp.Support.SqlServer.Scripting.Console.csproj", "{80136911-3220-460B-867D-E1C94E241248}"
EndProject
Project("{2150E333-8FDC-42A3-9474-1A3956D46DE8}") = "Solution Items", "Solution Items", "{36C31DC9-4037-4B0B-B205-F9B9655C9232}"
	ProjectSection(SolutionItems) = preProject
		build\dbup-sqlserver-scripting.nuspec = build\dbup-sqlserver-scripting.nuspec
		build\tools\dbup-sqlserver-scripting.psm1 = build\tools\dbup-sqlserver-scripting.psm1
		Rakefile = Rakefile
		README.md = README.md
	EndProjectSection
EndProject
Project("{2150E333-8FDC-42A3-9474-1A3956D46DE8}") = ".nuget", ".nuget", "{41BE4E96-7316-4D8C-9CEB-FD5EF11C37A4}"
	ProjectSection(SolutionItems) = preProject
		.nuget\packages.config = .nuget\packages.config
	EndProjectSection
EndProject
Global
	GlobalSection(SolutionConfigurationPlatforms) = preSolution
		Debug|Any CPU = Debug|Any CPU
		Release|Any CPU = Release|Any CPU
	EndGlobalSection
	GlobalSection(ProjectConfigurationPlatforms) = postSolution
		{A1EC7074-3C1D-4424-BC80-8BF770758774}.Debug|Any CPU.ActiveCfg = Debug|Any CPU
		{A1EC7074-3C1D-4424-BC80-8BF770758774}.Debug|Any CPU.Build.0 = Debug|Any CPU
		{A1EC7074-3C1D-4424-BC80-8BF770758774}.Release|Any CPU.ActiveCfg = Release|Any CPU
		{A1EC7074-3C1D-4424-BC80-8BF770758774}.Release|Any CPU.Build.0 = Release|Any CPU
		{80136911-3220-460B-867D-E1C94E241248}.Debug|Any CPU.ActiveCfg = Debug|Any CPU
		{80136911-3220-460B-867D-E1C94E241248}.Debug|Any CPU.Build.0 = Debug|Any CPU
		{80136911-3220-460B-867D-E1C94E241248}.Release|Any CPU.ActiveCfg = Release|Any CPU
		{80136911-3220-460B-867D-E1C94E241248}.Release|Any CPU.Build.0 = Release|Any CPU
	EndGlobalSection
	GlobalSection(SolutionProperties) = preSolution
		HideSolutionNode = FALSE
	EndGlobalSection
EndGlobal
